
Microsoft Visual Studio Solution File, Format Version 12.00
# Visual Studio Version 17
VisualStudioVersion = 17.2.32630.192
MinimumVisualStudioVersion = 10.0.40219.1
Project("{FAE04EC0-301F-11D3-BF4B-00C04F79EFBC}") = "Money_transfer", "Money_transfer\Money_transfer.csproj", "{B20C7D6E-6855-49A2-9F42-936BBC859145}"
EndProject
Global
	GlobalSection(SolutionConfigurationPlatforms) = preSolution
		Debug|Any CPU = Debug|Any CPU
		Release|Any CPU = Release|Any CPU
	EndGlobalSection
	GlobalSection(ProjectConfigurationPlatforms) = postSolution
		{B20C7D6E-6855-49A2-9F42-936BBC859145}.Debug|Any CPU.ActiveCfg = Debug|Any CPU
		{B20C7D6E-6855-49A2-9F42-936BBC859145}.Debug|Any CPU.Build.0 = Debug|Any CPU
		{B20C7D6E-6855-49A2-9F42-936BBC859145}.Release|Any CPU.ActiveCfg = Release|Any CPU
		{B20C7D6E-6855-49A2-9F42-936BBC859145}.Release|Any CPU.Build.0 = Release|Any CPU
	EndGlobalSection
	GlobalSection(SolutionProperties) = preSolution
		HideSolutionNode = FALSE
	EndGlobalSection
	GlobalSection(ExtensibilityGlobals) = postSolution
		SolutionGuid = {8332DBD6-6E73-4215-B5AA-99ACF4BE5C42}
	EndGlobalSection
EndGlobal
